{
    "name": "@helios-lang/tx",
    "version": "0.1.3",
    "lockfileVersion": 3,
    "requires": true,
    "packages": {
        "": {
            "name": "@helios-lang/tx",
            "version": "0.1.3",
            "license": "BSD-3-Clause",
            "dependencies": {
                "@helios-lang/cbor": "^0.1.4",
                "@helios-lang/codec-utils": "^0.1.19",
                "@helios-lang/crypto": "^0.1.1",
                "@helios-lang/uplc": "^0.1.3"
            },
            "devDependencies": {
                "@types/node": "^20.11.24",
                "prettier": "^3.1.0",
                "typescript": "^5.3.2"
            }
        },
        "node_modules/@helios-lang/cbor": {
            "version": "0.1.4",
            "resolved": "https://registry.npmjs.org/@helios-lang/cbor/-/cbor-0.1.4.tgz",
            "integrity": "sha512-zi0CfbtHk3wd9Ztq+LZANb5uXhAmn890Zh/48le/NRXrI6UaLTgsaouthGCxljkyIIcwSXDtn+Zy++iMVT7pHQ==",
            "dependencies": {
                "@helios-lang/codec-utils": "^0.1.12"
            }
        },
        "node_modules/@helios-lang/codec-utils": {
            "version": "0.1.19",
            "resolved": "https://registry.npmjs.org/@helios-lang/codec-utils/-/codec-utils-0.1.19.tgz",
            "integrity": "sha512-0dvbgXKGiOQlR85hicf6EnKvkdYtSrZEA+eb5iX57vuzEDxwW5eHEGctLdAhCbfQndz5x0qmJ9seT7gDF+V6Pw=="
        },
        "node_modules/@helios-lang/compiler-utils": {
            "version": "0.1.3",
            "resolved": "https://registry.npmjs.org/@helios-lang/compiler-utils/-/compiler-utils-0.1.3.tgz",
            "integrity": "sha512-C7jaayiaqHse0d5lFnpKeVRPDi/YBY3TBE4YIWRz6kOGUd8WfvCRrcRQKvebXq+Uy2J/O7AkhL4aUBmKdF01cA==",
            "dependencies": {
                "@helios-lang/cbor": "^0.1.4",
                "@helios-lang/codec-utils": "^0.1.18",
                "@helios-lang/crypto": "^0.1.1"
            }
        },
        "node_modules/@helios-lang/crypto": {
            "version": "0.1.1",
            "resolved": "https://registry.npmjs.org/@helios-lang/crypto/-/crypto-0.1.1.tgz",
            "integrity": "sha512-TP8UPxJ47DNf10uKufnOYAqwktlo8kCj5KDDsgi4+WjMJMxpETG+1nfECQL0+z9NBaHcm1Lln872I1SHf5qzPw=="
        },
        "node_modules/@helios-lang/uplc": {
            "version": "0.1.3",
            "resolved": "https://registry.npmjs.org/@helios-lang/uplc/-/uplc-0.1.3.tgz",
            "integrity": "sha512-PrTOriMjU7Qh7f9gxCgSI8/7Aiu6/IDvs2PH23I1L2JXAYlJ2d86KYidsI7DJr8v5EXZrQ07tSBC3wX7YinrwA==",
            "dependencies": {
                "@helios-lang/compiler-utils": "^0.1.3"
            }
        },
        "node_modules/@types/node": {
            "version": "20.11.29",
            "resolved": "https://registry.npmjs.org/@types/node/-/node-20.11.29.tgz",
            "integrity": "sha512-P99thMkD/1YkCvAtOd6/zGedKNA0p2fj4ZpjCzcNiSCBWgm3cNRTBfa/qjFnsKkkojxu4vVLtWpesnZ9+ap+gA==",
            "dev": true,
            "dependencies": {
                "undici-types": "~5.26.4"
            }
        },
        "node_modules/prettier": {
            "version": "3.2.5",
            "resolved": "https://registry.npmjs.org/prettier/-/prettier-3.2.5.tgz",
            "integrity": "sha512-3/GWa9aOC0YeD7LUfvOG2NiDyhOWRvt1k+rcKhOuYnMY24iiCphgneUfJDyFXd6rZCAnuLBv6UeAULtrhT/F4A==",
            "dev": true,
            "bin": {
                "prettier": "bin/prettier.cjs"
            },
            "engines": {
                "node": ">=14"
            },
            "funding": {
                "url": "https://github.com/prettier/prettier?sponsor=1"
            }
        },
        "node_modules/typescript": {
            "version": "5.4.2",
            "resolved": "https://registry.npmjs.org/typescript/-/typescript-5.4.2.tgz",
            "integrity": "sha512-+2/g0Fds1ERlP6JsakQQDXjZdZMM+rqpamFZJEKh4kwTIn3iDkgKtby0CeNd5ATNZ4Ry1ax15TMx0W2V+miizQ==",
            "dev": true,
            "bin": {
                "tsc": "bin/tsc",
                "tsserver": "bin/tsserver"
            },
            "engines": {
                "node": ">=14.17"
            }
        },
        "node_modules/undici-types": {
            "version": "5.26.5",
            "resolved": "https://registry.npmjs.org/undici-types/-/undici-types-5.26.5.tgz",
            "integrity": "sha512-JlCMO+ehdEIKqlFxk6IfVoAUVmgz7cU7zD/h9XZ0qzeosSHmUJVOzSQvvYSYWXkFXC+IfLKSIffhv0sVZup6pA==",
            "dev": true
        }
    }
}
