{
    "name": "@helios-lang/ledger",
    "version": "0.1.9",
    "lockfileVersion": 3,
    "requires": true,
    "packages": {
        "": {
            "name": "@helios-lang/ledger",
            "version": "0.1.9",
            "license": "BSD-3-Clause",
            "dependencies": {
                "@helios-lang/cbor": "^0.1.13",
                "@helios-lang/codec-utils": "^0.1.24",
                "@helios-lang/crypto": "^0.1.2",
                "@helios-lang/type-utils": "^0.1.5",
                "@helios-lang/uplc": "^0.1.12"
            },
            "devDependencies": {
                "@types/node": "^20.11.24",
                "prettier": "^3.1.0",
                "typescript": "^5.3.2"
            }
        },
        "node_modules/@helios-lang/cbor": {
            "version": "0.1.13",
            "resolved": "https://registry.npmjs.org/@helios-lang/cbor/-/cbor-0.1.13.tgz",
            "integrity": "sha512-WtMyuTsVFEr9olsR0RpKK3CGmwGFRE6aouWbiHw499rHupRk7AK5n82IjY6jR5SzQMQGmbbFYEPNMN13GvJFTA==",
            "dependencies": {
                "@helios-lang/codec-utils": "^0.1.25",
                "@helios-lang/type-utils": "^0.1.5"
            }
        },
        "node_modules/@helios-lang/codec-utils": {
            "version": "0.1.25",
            "resolved": "https://registry.npmjs.org/@helios-lang/codec-utils/-/codec-utils-0.1.25.tgz",
            "integrity": "sha512-D44pi2622j/Ez3DCdAiZeosjGT/0fwWm90OiDKEJsk0MHC+SppoLQPtx1kkVKf8kmhqjyl9XEpWux0Kh+aTnmg=="
        },
        "node_modules/@helios-lang/compiler-utils": {
            "version": "0.1.7",
            "resolved": "https://registry.npmjs.org/@helios-lang/compiler-utils/-/compiler-utils-0.1.7.tgz",
            "integrity": "sha512-wSKj9uMKJdg9SJuvt4ES7sJtjXoIaY7jWlRg7Vnp8u+BdmhdjGolu6WSn+jrhdcQ/bvC3rr/02RjyENvCxMAAg==",
            "dependencies": {
                "@helios-lang/cbor": "^0.1.9",
                "@helios-lang/codec-utils": "^0.1.24",
                "@helios-lang/crypto": "^0.1.2",
                "@helios-lang/type-utils": "^0.1.5"
            }
        },
        "node_modules/@helios-lang/crypto": {
            "version": "0.1.2",
            "resolved": "https://registry.npmjs.org/@helios-lang/crypto/-/crypto-0.1.2.tgz",
            "integrity": "sha512-7ZNDHjxLxkYRVy4oriwQLNYVuzIAYNZP5EeKHkFN+FKW4RbuUxvC0G8bcimO8ClxWVOHjM5tJcxoTSarU0UxOw==",
            "dependencies": {
                "@helios-lang/codec-utils": "^0.1.24"
            }
        },
        "node_modules/@helios-lang/type-utils": {
            "version": "0.1.5",
            "resolved": "https://registry.npmjs.org/@helios-lang/type-utils/-/type-utils-0.1.5.tgz",
            "integrity": "sha512-ZBkqXOxzQtg1C1Lku4yX16n4GYqVn9h2VRcCONvcb4ZFbS6X4k3hhPV2QLrbzRYKxlHwFdG3gOeRVisuCJMIjg=="
        },
        "node_modules/@helios-lang/uplc": {
            "version": "0.1.12",
            "resolved": "https://registry.npmjs.org/@helios-lang/uplc/-/uplc-0.1.12.tgz",
            "integrity": "sha512-1JOl1z0tRE3YzPrv1MOucxmZ+f+PYa9vcUFkdncyg/iqwPc33UwBkbXO6JafllEOajs8dqaAfMLbPCa2j0GJEg==",
            "dependencies": {
                "@helios-lang/cbor": "^0.1.9",
                "@helios-lang/codec-utils": "^0.1.24",
                "@helios-lang/compiler-utils": "^0.1.7",
                "@helios-lang/type-utils": "^0.1.5"
            }
        },
        "node_modules/@types/node": {
            "version": "20.11.29",
            "resolved": "https://registry.npmjs.org/@types/node/-/node-20.11.29.tgz",
            "integrity": "sha512-P99thMkD/1YkCvAtOd6/zGedKNA0p2fj4ZpjCzcNiSCBWgm3cNRTBfa/qjFnsKkkojxu4vVLtWpesnZ9+ap+gA==",
            "dev": true,
            "dependencies": {
                "undici-types": "~5.26.4"
            }
        },
        "node_modules/prettier": {
            "version": "3.2.5",
            "resolved": "https://registry.npmjs.org/prettier/-/prettier-3.2.5.tgz",
            "integrity": "sha512-3/GWa9aOC0YeD7LUfvOG2NiDyhOWRvt1k+rcKhOuYnMY24iiCphgneUfJDyFXd6rZCAnuLBv6UeAULtrhT/F4A==",
            "dev": true,
            "bin": {
                "prettier": "bin/prettier.cjs"
            },
            "engines": {
                "node": ">=14"
            },
            "funding": {
                "url": "https://github.com/prettier/prettier?sponsor=1"
            }
        },
        "node_modules/typescript": {
            "version": "5.4.2",
            "resolved": "https://registry.npmjs.org/typescript/-/typescript-5.4.2.tgz",
            "integrity": "sha512-+2/g0Fds1ERlP6JsakQQDXjZdZMM+rqpamFZJEKh4kwTIn3iDkgKtby0CeNd5ATNZ4Ry1ax15TMx0W2V+miizQ==",
            "dev": true,
            "bin": {
                "tsc": "bin/tsc",
                "tsserver": "bin/tsserver"
            },
            "engines": {
                "node": ">=14.17"
            }
        },
        "node_modules/undici-types": {
            "version": "5.26.5",
            "resolved": "https://registry.npmjs.org/undici-types/-/undici-types-5.26.5.tgz",
            "integrity": "sha512-JlCMO+ehdEIKqlFxk6IfVoAUVmgz7cU7zD/h9XZ0qzeosSHmUJVOzSQvvYSYWXkFXC+IfLKSIffhv0sVZup6pA==",
            "dev": true
        }
    }
}
