lockfileVersion: '9.0'

settings:
  autoInstallPeers: true
  excludeLinksFromLockfile: false

importers:

  .:
    dependencies:
      '@helios-lang/cbor':
        specifier: ^0.2.6
        version: 0.2.6
      '@helios-lang/codec-utils':
        specifier: ^0.3.4
        version: 0.3.4
      '@helios-lang/crypto':
        specifier: ^0.2.3
        version: 0.2.3
      '@helios-lang/type-utils':
        specifier: ^0.2.9
        version: 0.2.9
      '@helios-lang/uplc':
        specifier: ^0.7.10
        version: 0.7.10
    devDependencies:
      '@types/node':
        specifier: ^20.11.24
        version: 20.16.5
      prettier:
        specifier: ^3.3.3
        version: 3.3.3
      typescript:
        specifier: ^5.6.2
        version: 5.6.2

packages:

  '@helios-lang/cbor@0.2.6':
    resolution: {integrity: sha512-u0L2+M9nxg/n6GodVloiM/LN8BqnUjqZUqNzkoh6d1NR6bXVXJ6a7Gb+U2k8IHMrmOOJ5RAQu1yB3qvWx1PsQQ==}

  '@helios-lang/codec-utils@0.3.4':
    resolution: {integrity: sha512-YiYwBwkbRmu9/4tqHNGIk/haVb0+MLrwXZc+6/KMwGT5WKzypZSkDgH+aZEdHtdTmYhVyIj9ojBljAhMxi8ezg==}

  '@helios-lang/compiler-utils@0.5.3':
    resolution: {integrity: sha512-/tDgLwYM5GEimqOvLqeQvXzfS1ej2ytXFH8f4zK0XnJlW29JpJYrPJRNUlVfU8NbyUZwi2TAFSBSDCtU6sCAyA==}

  '@helios-lang/crypto@0.2.3':
    resolution: {integrity: sha512-Vyauv8fSrev2BFVn5RrHvMtgHzClogWFnX9CPm8024NEzlEL6jrXYiF8VAoegWX46GGZQE2ZEZxZciiKClaR3A==}

  '@helios-lang/era@0.1.4':
    resolution: {integrity: sha512-wBV/qDLvfSwSywaQlo1EdnVhMW7XBSS2AnaOFmpLS/RrA75arn7ngf+MbEsfjQ1qayIPOPdL96M6vzPtauttWA==}

  '@helios-lang/type-utils@0.2.9':
    resolution: {integrity: sha512-79/aGqD9ZXNXUypDHf+tSSg4PBacovX5Q4U2GXKVcaH5a194PVZJ+Dsz2J5vLREUeSwSM7HLTEysqasyadbtEQ==}

  '@helios-lang/uplc@0.7.10':
    resolution: {integrity: sha512-AP0/Z5lcVVgooJHdt2vCPYpYm9WU0cBvCPHA9AkAqnPkmM1ErIlY4WTi3TJqOFHCuWtlCbDr/swbtxYgQU0noQ==}

  '@types/node@20.16.5':
    resolution: {integrity: sha512-VwYCweNo3ERajwy0IUlqqcyZ8/A7Zwa9ZP3MnENWcB11AejO+tLy3pu850goUW2FC/IJMdZUfKpX/yxL1gymCA==}

  prettier@3.3.3:
    resolution: {integrity: sha512-i2tDNA0O5IrMO757lfrdQZCc2jPNDVntV0m/+4whiDfWaTKfMNgR7Qz0NAeGz/nRqF4m5/6CLzbP4/liHt12Ew==}
    engines: {node: '>=14'}
    hasBin: true

  typescript@5.6.2:
    resolution: {integrity: sha512-NW8ByodCSNCwZeghjN3o+JX5OFH0Ojg6sadjEKY4huZ52TqbJTJnDo5+Tw98lSy63NZvi4n+ez5m2u5d4PkZyw==}
    engines: {node: '>=14.17'}
    hasBin: true

  undici-types@6.19.8:
    resolution: {integrity: sha512-ve2KP6f/JnbPBFyobGHuerC9g1FYGn/F8n1LWTwNxCEzd6IfqTwUQcNXgEtmmQ6DlRrC1hrSrBnCZPokRrDHjw==}

snapshots:

  '@helios-lang/cbor@0.2.6':
    dependencies:
      '@helios-lang/codec-utils': 0.3.4

  '@helios-lang/codec-utils@0.3.4': {}

  '@helios-lang/compiler-utils@0.5.3':
    dependencies:
      '@helios-lang/codec-utils': 0.3.4
      '@helios-lang/type-utils': 0.2.9

  '@helios-lang/crypto@0.2.3':
    dependencies:
      '@helios-lang/codec-utils': 0.3.4
      '@helios-lang/type-utils': 0.2.9

  '@helios-lang/era@0.1.4': {}

  '@helios-lang/type-utils@0.2.9': {}

  '@helios-lang/uplc@0.7.10':
    dependencies:
      '@helios-lang/cbor': 0.2.6
      '@helios-lang/codec-utils': 0.3.4
      '@helios-lang/compiler-utils': 0.5.3
      '@helios-lang/crypto': 0.2.3
      '@helios-lang/era': 0.1.4
      '@helios-lang/type-utils': 0.2.9

  '@types/node@20.16.5':
    dependencies:
      undici-types: 6.19.8

  prettier@3.3.3: {}

  typescript@5.6.2: {}

  undici-types@6.19.8: {}
